<?xml version="1.0" encoding="utf-8"?>
<Project ToolsVersion="4.0" xmlns="http://schemas.microsoft.com/developer/msbuild/2003">
  <ItemGroup>
    <Filter Include="リソース ファイル">
      <UniqueIdentifier>{67DA6AB6-F800-4c08-8B7A-83BB121AAD01}</UniqueIdentifier>
      <Extensions>rc;ico;cur;bmp;dlg;rc2;rct;bin;rgs;gif;jpg;jpeg;jpe;resx;tiff;tif;png;wav;mfcribbon-ms</Extensions>
    </Filter>
    <Filter Include="program">
      <UniqueIdentifier>{884ce5fe-c184-4353-82a5-af23c1629c96}</UniqueIdentifier>
    </Filter>
    <Filter Include="program\game">
      <UniqueIdentifier>{73faf93d-726b-44ae-bc7b-9fef24c1ee4f}</UniqueIdentifier>
    </Filter>
    <Filter Include="program\system">
      <UniqueIdentifier>{8a788238-9649-41be-826e-7c3f8f8bc90c}</UniqueIdentifier>
    </Filter>
    <Filter Include="program\support">
      <UniqueIdentifier>{0108f1bb-377d-4da1-b029-44f524a210b0}</UniqueIdentifier>
    </Filter>
    <Filter Include="program\library">
      <UniqueIdentifier>{7c942d65-0a18-4117-88ae-e80f1655e00f}</UniqueIdentifier>
    </Filter>
    <Filter Include="program\game\Scene">
      <UniqueIdentifier>{48c8bb86-5498-4bc9-999e-7d99cdf2598c}</UniqueIdentifier>
    </Filter>
    <Filter Include="program\game\Player">
      <UniqueIdentifier>{23e6cdcb-63fd-4c91-96e1-688b88901cf8}</UniqueIdentifier>
    </Filter>
    <Filter Include="program\game\Enemy">
      <UniqueIdentifier>{9c287395-7c66-4c3a-864e-a47fe2b724df}</UniqueIdentifier>
    </Filter>
    <Filter Include="program\game\Stage">
      <UniqueIdentifier>{7ce34ad2-65e0-4899-98a5-6256bd0b69dd}</UniqueIdentifier>
    </Filter>
    <Filter Include="program\game\Arrow">
      <UniqueIdentifier>{3a518d75-160b-4289-909b-d10f8a8eeb3b}</UniqueIdentifier>
    </Filter>
  </ItemGroup>
  <ItemGroup>
    <ClCompile Include="program\support\FrameRateController.cpp">
      <Filter>program\support</Filter>
    </ClCompile>
    <ClCompile Include="program\system\sys_main.cpp">
      <Filter>program\system</Filter>
    </ClCompile>
    <ClCompile Include="program\library\font.cpp">
      <Filter>program\library</Filter>
    </ClCompile>
    <ClCompile Include="program\library\transform.cpp">
      <Filter>program\library</Filter>
    </ClCompile>
    <ClCompile Include="program\library\util.cpp">
      <Filter>program\library</Filter>
    </ClCompile>
    <ClCompile Include="program\library\input.cpp">
      <Filter>program\library</Filter>
    </ClCompile>
    <ClCompile Include="program\library\texture.cpp">
      <Filter>program\library</Filter>
    </ClCompile>
    <ClCompile Include="program\library\matrix.cpp">
      <Filter>program\library</Filter>
    </ClCompile>
    <ClCompile Include="program\library\quaternion.cpp">
      <Filter>program\library</Filter>
    </ClCompile>
    <ClCompile Include="program\library\vector.cpp">
      <Filter>program\library</Filter>
    </ClCompile>
    <ClCompile Include="program\library\intersect.cpp">
      <Filter>program\library</Filter>
    </ClCompile>
    <ClCompile Include="program\game\game_main.cpp">
      <Filter>program\game</Filter>
    </ClCompile>
    <ClCompile Include="program\support\dx_lib_ext.cpp">
      <Filter>program\support</Filter>
    </ClCompile>
    <ClCompile Include="program\library\math.cpp">
      <Filter>program\library</Filter>
    </ClCompile>
    <ClCompile Include="program\library\bounding.cpp">
      <Filter>program\library</Filter>
    </ClCompile>
    <ClCompile Include="program\library\shape.cpp">
      <Filter>program\library</Filter>
    </ClCompile>
    <ClCompile Include="program\game\GameManager.cpp">
      <Filter>program\game</Filter>
    </ClCompile>
    <ClCompile Include="program\game\Base.cpp">
      <Filter>program\game</Filter>
    </ClCompile>
    <ClCompile Include="program\game\SceneManager.cpp">
      <Filter>program\game\Scene</Filter>
    </ClCompile>
    <ClCompile Include="program\game\Taitle.cpp">
      <Filter>program\game\Scene</Filter>
    </ClCompile>
    <ClCompile Include="program\game\Player.cpp">
      <Filter>program\game\Player</Filter>
    </ClCompile>
    <ClCompile Include="program\game\Anim_Player.cpp">
      <Filter>program\game\Player</Filter>
    </ClCompile>
    <ClCompile Include="program\game\OnAtachEnter.cpp">
      <Filter>program\game</Filter>
    </ClCompile>
    <ClCompile Include="program\game\map_StageA.cpp">
      <Filter>program\game\Stage</Filter>
    </ClCompile>
    <ClCompile Include="program\game\map_Wall.cpp">
      <Filter>program\game\Stage</Filter>
    </ClCompile>
    <ClCompile Include="program\game\map_StageB.cpp">
      <Filter>program\game\Stage</Filter>
    </ClCompile>
    <ClCompile Include="program\game\Fade.cpp">
      <Filter>program\game\Scene</Filter>
    </ClCompile>
    <ClCompile Include="program\game\Pop_EnemeyB.cpp">
      <Filter>program\game\Enemy</Filter>
    </ClCompile>
    <ClCompile Include="program\game\Enemy_B.cpp">
      <Filter>program\game\Enemy</Filter>
    </ClCompile>
    <ClCompile Include="program\game\Anim_Enemy_B.cpp">
      <Filter>program\game\Enemy</Filter>
    </ClCompile>
    <ClCompile Include="program\game\End.cpp">
      <Filter>program\game\Scene</Filter>
    </ClCompile>
    <ClCompile Include="program\game\Timer.cpp">
      <Filter>program\game\Scene</Filter>
    </ClCompile>
    <ClCompile Include="program\game\Bullet_Player.cpp">
      <Filter>program\game\Arrow</Filter>
    </ClCompile>
    <ClCompile Include="program\game\OnAtach_Arrow.cpp">
      <Filter>program\game\Arrow</Filter>
    </ClCompile>
    <ClCompile Include="program\game\Arrow_Type.cpp">
      <Filter>program\game\Arrow</Filter>
    </ClCompile>
    <ClCompile Include="program\game\Create_Stage.cpp">
      <Filter>program\game\Stage</Filter>
    </ClCompile>
    <ClCompile Include="program\game\Arrow_Wing.cpp">
      <Filter>program\game\Arrow</Filter>
    </ClCompile>
    <ClCompile Include="program\game\SONG_load.cpp">
      <Filter>program\game</Filter>
    </ClCompile>
    <ClCompile Include="program\game\Arrow_Base.cpp">
      <Filter>program\game\Arrow</Filter>
    </ClCompile>
    <ClCompile Include="program\game\Arrow_Manager.cpp">
      <Filter>program\game\Arrow</Filter>
    </ClCompile>
  </ItemGroup>
  <ItemGroup>
    <ClInclude Include="program\support\FrameRateController.h">
      <Filter>program\support</Filter>
    </ClInclude>
    <ClInclude Include="program\support\Support.h">
      <Filter>program\support</Filter>
    </ClInclude>
    <ClInclude Include="program\support\bitmap.h">
      <Filter>program\support</Filter>
    </ClInclude>
    <ClInclude Include="program\library\font.h">
      <Filter>program\library</Filter>
    </ClInclude>
    <ClInclude Include="program\library\t2klib.h">
      <Filter>program\library</Filter>
    </ClInclude>
    <ClInclude Include="program\library\transform.h">
      <Filter>program\library</Filter>
    </ClInclude>
    <ClInclude Include="program\library\util.h">
      <Filter>program\library</Filter>
    </ClInclude>
    <ClInclude Include="program\library\wrap.h">
      <Filter>program\library</Filter>
    </ClInclude>
    <ClInclude Include="program\library\timer_callback.h">
      <Filter>program\library</Filter>
    </ClInclude>
    <ClInclude Include="program\library\sequence.h">
      <Filter>program\library</Filter>
    </ClInclude>
    <ClInclude Include="program\library\input.h">
      <Filter>program\library</Filter>
    </ClInclude>
    <ClInclude Include="program\library\texture.h">
      <Filter>program\library</Filter>
    </ClInclude>
    <ClInclude Include="program\library\shared_factory.h">
      <Filter>program\library</Filter>
    </ClInclude>
    <ClInclude Include="program\library\matrix.h">
      <Filter>program\library</Filter>
    </ClInclude>
    <ClInclude Include="program\library\quaternion.h">
      <Filter>program\library</Filter>
    </ClInclude>
    <ClInclude Include="program\library\vector.h">
      <Filter>program\library</Filter>
    </ClInclude>
    <ClInclude Include="program\library\shared_flyweight_map.h">
      <Filter>program\library</Filter>
    </ClInclude>
    <ClInclude Include="program\library\timer_fluct.h">
      <Filter>program\library</Filter>
    </ClInclude>
    <ClInclude Include="program\library\intersect.h">
      <Filter>program\library</Filter>
    </ClInclude>
    <ClInclude Include="program\game\game_main.h">
      <Filter>program\game</Filter>
    </ClInclude>
    <ClInclude Include="program\support\dx_lib_ext.h">
      <Filter>program\support</Filter>
    </ClInclude>
    <ClInclude Include="program\library\math.h">
      <Filter>program\library</Filter>
    </ClInclude>
    <ClInclude Include="program\library\bounding.h">
      <Filter>program\library</Filter>
    </ClInclude>
    <ClInclude Include="program\library\shape.h">
      <Filter>program\library</Filter>
    </ClInclude>
    <ClInclude Include="program\library\link_linear.h">
      <Filter>program\library</Filter>
    </ClInclude>
    <ClInclude Include="program\library\hierarchy_tree.h">
      <Filter>program\library</Filter>
    </ClInclude>
    <ClInclude Include="program\game\GameManager.h">
      <Filter>program\game</Filter>
    </ClInclude>
    <ClInclude Include="program\game\Base.h">
      <Filter>program\game</Filter>
    </ClInclude>
    <ClInclude Include="program\game\SceneManager.h">
      <Filter>program\game\Scene</Filter>
    </ClInclude>
    <ClInclude Include="program\game\Taitle.h">
      <Filter>program\game\Scene</Filter>
    </ClInclude>
    <ClInclude Include="program\game\Player.h">
      <Filter>program\game\Player</Filter>
    </ClInclude>
    <ClInclude Include="program\game\Anim_Player.h">
      <Filter>program\game\Player</Filter>
    </ClInclude>
    <ClInclude Include="program\game\OnAtachEnter.h">
      <Filter>program\game</Filter>
    </ClInclude>
    <ClInclude Include="program\game\map_StageA.h">
      <Filter>program\game\Stage</Filter>
    </ClInclude>
    <ClInclude Include="program\game\map_Wall.h">
      <Filter>program\game\Stage</Filter>
    </ClInclude>
    <ClInclude Include="program\game\map_StageB.h">
      <Filter>program\game\Stage</Filter>
    </ClInclude>
    <ClInclude Include="program\game\Fade.h">
      <Filter>program\game\Scene</Filter>
    </ClInclude>
    <ClInclude Include="program\game\Pop_EnemeyB.h">
      <Filter>program\game\Enemy</Filter>
    </ClInclude>
    <ClInclude Include="program\game\Enemy_B.h">
      <Filter>program\game\Enemy</Filter>
    </ClInclude>
    <ClInclude Include="program\game\Anim_Enemy_B.h">
      <Filter>program\game\Enemy</Filter>
    </ClInclude>
    <ClInclude Include="program\game\End.h">
      <Filter>program\game\Scene</Filter>
    </ClInclude>
    <ClInclude Include="program\game\Timer.h">
      <Filter>program\game\Scene</Filter>
    </ClInclude>
    <ClInclude Include="program\game\Bullet_Player.h">
      <Filter>program\game\Arrow</Filter>
    </ClInclude>
    <ClInclude Include="program\game\OnAtach_Arrow.h">
      <Filter>program\game\Arrow</Filter>
    </ClInclude>
    <ClInclude Include="program\game\Arrow_Type.h">
      <Filter>program\game\Arrow</Filter>
    </ClInclude>
    <ClInclude Include="program\game\Create_Stage.h">
      <Filter>program\game\Stage</Filter>
    </ClInclude>
    <ClInclude Include="program\game\Arrow_Wing.h">
      <Filter>program\game\Arrow</Filter>
    </ClInclude>
    <ClInclude Include="program\game\SONG_load.h">
      <Filter>program\game</Filter>
    </ClInclude>
    <ClInclude Include="program\game\Arrow_Base.h">
      <Filter>program\game\Arrow</Filter>
    </ClInclude>
    <ClInclude Include="program\game\Arrow_Manager.h">
      <Filter>program\game\Arrow</Filter>
    </ClInclude>
  </ItemGroup>
</Project>